
Microsoft Visual Studio Solution File, Format Version 12.00
# Visual Studio 15
VisualStudioVersion = 15.0.28307.1231
MinimumVisualStudioVersion = 10.0.40219.1
Project("{FAE04EC0-301F-11D3-BF4B-00C04F79EFBC}") = "WpfVol", "WpfVol\WpfVol.csproj", "{BEEAF616-7536-484F-BF61-A5B5ADC91F86}"
EndProject
Global
	GlobalSection(SolutionConfigurationPlatforms) = preSolution
		Debug|Any CPU = Debug|Any CPU
		Release|Any CPU = Release|Any CPU
	EndGlobalSection
	GlobalSection(ProjectConfigurationPlatforms) = postSolution
		{BEEAF616-7536-484F-BF61-A5B5ADC91F86}.Debug|Any CPU.ActiveCfg = Debug|Any CPU
		{BEEAF616-7536-484F-BF61-A5B5ADC91F86}.Debug|Any CPU.Build.0 = Debug|Any CPU
		{BEEAF616-7536-484F-BF61-A5B5ADC91F86}.Release|Any CPU.ActiveCfg = Release|Any CPU
		{BEEAF616-7536-484F-BF61-A5B5ADC91F86}.Release|Any CPU.Build.0 = Release|Any CPU
	EndGlobalSection
	GlobalSection(SolutionProperties) = preSolution
		HideSolutionNode = FALSE
	EndGlobalSection
	GlobalSection(ExtensibilityGlobals) = postSolution
		SolutionGuid = {C02E4AB0-08DF-4AAC-B478-D7A4E8644CF1}
	EndGlobalSection
EndGlobal
